
Microsoft Visual Studio Solution File, Format Version 12.00
# Visual Studio Version 17
VisualStudioVersion = 17.6.33712.159
MinimumVisualStudioVersion = 10.0.40219.1
Project("{9A19103F-16F7-4668-BE54-9A1E7A4F7556}") = "JCorpus", "JCorpus\JCorpus.csproj", "{0D7D1574-8750-41EA-A95E-1ACD9F9293BB}"
EndProject
Project("{9A19103F-16F7-4668-BE54-9A1E7A4F7556}") = "PythonWrapper", "PythonWrapper\PythonWrapper.csproj", "{C4A2395D-90A2-4F5D-B014-BEEC97382EAC}"
EndProject
Global
	GlobalSection(SolutionConfigurationPlatforms) = preSolution
		Debug|Any CPU = Debug|Any CPU
		Release|Any CPU = Release|Any CPU
	EndGlobalSection
	GlobalSection(ProjectConfigurationPlatforms) = postSolution
		{0D7D1574-8750-41EA-A95E-1ACD9F9293BB}.Debug|Any CPU.ActiveCfg = Debug|Any CPU
		{0D7D1574-8750-41EA-A95E-1ACD9F9293BB}.Debug|Any CPU.Build.0 = Debug|Any CPU
		{0D7D1574-8750-41EA-A95E-1ACD9F9293BB}.Release|Any CPU.ActiveCfg = Release|Any CPU
		{0D7D1574-8750-41EA-A95E-1ACD9F9293BB}.Release|Any CPU.Build.0 = Release|Any CPU
		{C4A2395D-90A2-4F5D-B014-BEEC97382EAC}.Debug|Any CPU.ActiveCfg = Debug|Any CPU
		{C4A2395D-90A2-4F5D-B014-BEEC97382EAC}.Debug|Any CPU.Build.0 = Debug|Any CPU
		{C4A2395D-90A2-4F5D-B014-BEEC97382EAC}.Release|Any CPU.ActiveCfg = Release|Any CPU
		{C4A2395D-90A2-4F5D-B014-BEEC97382EAC}.Release|Any CPU.Build.0 = Release|Any CPU
	EndGlobalSection
	GlobalSection(SolutionProperties) = preSolution
		HideSolutionNode = FALSE
	EndGlobalSection
	GlobalSection(ExtensibilityGlobals) = postSolution
		SolutionGuid = {F14B7958-6535-4B7B-8869-06936D7DD339}
	EndGlobalSection
EndGlobal
