
Microsoft Visual Studio Solution File, Format Version 12.00
# Visual Studio Version 17
VisualStudioVersion = 17.6.33712.159
MinimumVisualStudioVersion = 10.0.40219.1
Project("{9A19103F-16F7-4668-BE54-9A1E7A4F7556}") = "JCorpus", "JCorpus\JCorpus.csproj", "{0D7D1574-8750-41EA-A95E-1ACD9F9293BB}"
	ProjectSection(ProjectDependencies) = postProject
		{09C64795-A7AC-42BD-8C7A-7AAF19ACF437} = {09C64795-A7AC-42BD-8C7A-7AAF19ACF437}
		{3715EED9-0FFF-46B6-90FA-CA67F5A9D45A} = {3715EED9-0FFF-46B6-90FA-CA67F5A9D45A}
		{41B98992-4FE8-4644-B14F-FDF0C29C1D76} = {41B98992-4FE8-4644-B14F-FDF0C29C1D76}
		{7E0E6256-4908-4A75-AE34-562AAC7E050C} = {7E0E6256-4908-4A75-AE34-562AAC7E050C}
		{810BEBCB-B6B8-4ACA-B7E1-DEA2E187FC53} = {810BEBCB-B6B8-4ACA-B7E1-DEA2E187FC53}
		{8BA6EC63-CDA5-4477-A3C0-3AC6D121F0F8} = {8BA6EC63-CDA5-4477-A3C0-3AC6D121F0F8}
		{AADC5221-D546-4C30-9AD7-1B3CD40B68C0} = {AADC5221-D546-4C30-9AD7-1B3CD40B68C0}
		{B0DE24C7-A2E4-44FF-8A1E-705B7BB4B411} = {B0DE24C7-A2E4-44FF-8A1E-705B7BB4B411}
	EndProjectSection
EndProject
Project("{9A19103F-16F7-4668-BE54-9A1E7A4F7556}") = "CalibreLibrary", "Plugins\CalibreLibrary\CalibreLibrary.csproj", "{3715EED9-0FFF-46B6-90FA-CA67F5A9D45A}"
EndProject
Project("{9A19103F-16F7-4668-BE54-9A1E7A4F7556}") = "Common", "Common\Common.csproj", "{441675B6-9F06-4EBF-AAE1-2ECAEB50915A}"
EndProject
Project("{2150E333-8FDC-42A3-9474-1A3956D46DE8}") = "Drivers", "Drivers", "{64B4DE4D-C0B2-460C-95E1-B0CDB0DB349C}"
EndProject
Project("{9A19103F-16F7-4668-BE54-9A1E7A4F7556}") = "GoogleVision", "Drivers\GoogleVision\GoogleVision.csproj", "{8BA6EC63-CDA5-4477-A3C0-3AC6D121F0F8}"
EndProject
Project("{9A19103F-16F7-4668-BE54-9A1E7A4F7556}") = "Narou", "Plugins\Narou\Narou.csproj", "{41B98992-4FE8-4644-B14F-FDF0C29C1D76}"
EndProject
Project("{9A19103F-16F7-4668-BE54-9A1E7A4F7556}") = "AozoraBunko", "Plugins\AozoraBunko\AozoraBunko.csproj", "{B0DE24C7-A2E4-44FF-8A1E-705B7BB4B411}"
EndProject
Project("{9A19103F-16F7-4668-BE54-9A1E7A4F7556}") = "Utility", "Utility\Utility.csproj", "{FE76013E-DC4E-4513-8673-E431BDD8BEAE}"
EndProject
Project("{2150E333-8FDC-42A3-9474-1A3956D46DE8}") = "Plugins", "Plugins", "{4879A425-1B33-45E3-95EB-8A6292F3981A}"
EndProject
Project("{9A19103F-16F7-4668-BE54-9A1E7A4F7556}") = "Mokuro", "Plugins\Mokuro\Mokuro.csproj", "{09C64795-A7AC-42BD-8C7A-7AAF19ACF437}"
EndProject
Project("{2150E333-8FDC-42A3-9474-1A3956D46DE8}") = "Solution Items", "Solution Items", "{624E46D6-9D5E-4F4F-BCB1-072C13713CBA}"
	ProjectSection(SolutionItems) = preProject
		.editorconfig = .editorconfig
	EndProjectSection
EndProject
Project("{9A19103F-16F7-4668-BE54-9A1E7A4F7556}") = "Epub", "Plugins\Epub\Epub.csproj", "{AADC5221-D546-4C30-9AD7-1B3CD40B68C0}"
EndProject
Project("{9A19103F-16F7-4668-BE54-9A1E7A4F7556}") = "Dawg", "Plugins\Dawg\Dawg.csproj", "{7E0E6256-4908-4A75-AE34-562AAC7E050C}"
EndProject
Project("{9A19103F-16F7-4668-BE54-9A1E7A4F7556}") = "Frequency", "Plugins\Frequency\Frequency.csproj", "{810BEBCB-B6B8-4ACA-B7E1-DEA2E187FC53}"
EndProject
Global
	GlobalSection(SolutionConfigurationPlatforms) = preSolution
		Debug|Any CPU = Debug|Any CPU
		Release|Any CPU = Release|Any CPU
	EndGlobalSection
	GlobalSection(ProjectConfigurationPlatforms) = postSolution
		{0D7D1574-8750-41EA-A95E-1ACD9F9293BB}.Debug|Any CPU.ActiveCfg = Debug|Any CPU
		{0D7D1574-8750-41EA-A95E-1ACD9F9293BB}.Debug|Any CPU.Build.0 = Debug|Any CPU
		{0D7D1574-8750-41EA-A95E-1ACD9F9293BB}.Release|Any CPU.ActiveCfg = Release|Any CPU
		{0D7D1574-8750-41EA-A95E-1ACD9F9293BB}.Release|Any CPU.Build.0 = Release|Any CPU
		{3715EED9-0FFF-46B6-90FA-CA67F5A9D45A}.Debug|Any CPU.ActiveCfg = Debug|Any CPU
		{3715EED9-0FFF-46B6-90FA-CA67F5A9D45A}.Debug|Any CPU.Build.0 = Debug|Any CPU
		{3715EED9-0FFF-46B6-90FA-CA67F5A9D45A}.Release|Any CPU.ActiveCfg = Release|Any CPU
		{3715EED9-0FFF-46B6-90FA-CA67F5A9D45A}.Release|Any CPU.Build.0 = Release|Any CPU
		{441675B6-9F06-4EBF-AAE1-2ECAEB50915A}.Debug|Any CPU.ActiveCfg = Debug|Any CPU
		{441675B6-9F06-4EBF-AAE1-2ECAEB50915A}.Debug|Any CPU.Build.0 = Debug|Any CPU
		{441675B6-9F06-4EBF-AAE1-2ECAEB50915A}.Release|Any CPU.ActiveCfg = Release|Any CPU
		{441675B6-9F06-4EBF-AAE1-2ECAEB50915A}.Release|Any CPU.Build.0 = Release|Any CPU
		{8BA6EC63-CDA5-4477-A3C0-3AC6D121F0F8}.Debug|Any CPU.ActiveCfg = Debug|Any CPU
		{8BA6EC63-CDA5-4477-A3C0-3AC6D121F0F8}.Debug|Any CPU.Build.0 = Debug|Any CPU
		{8BA6EC63-CDA5-4477-A3C0-3AC6D121F0F8}.Release|Any CPU.ActiveCfg = Release|Any CPU
		{8BA6EC63-CDA5-4477-A3C0-3AC6D121F0F8}.Release|Any CPU.Build.0 = Release|Any CPU
		{41B98992-4FE8-4644-B14F-FDF0C29C1D76}.Debug|Any CPU.ActiveCfg = Debug|Any CPU
		{41B98992-4FE8-4644-B14F-FDF0C29C1D76}.Debug|Any CPU.Build.0 = Debug|Any CPU
		{41B98992-4FE8-4644-B14F-FDF0C29C1D76}.Release|Any CPU.ActiveCfg = Release|Any CPU
		{41B98992-4FE8-4644-B14F-FDF0C29C1D76}.Release|Any CPU.Build.0 = Release|Any CPU
		{B0DE24C7-A2E4-44FF-8A1E-705B7BB4B411}.Debug|Any CPU.ActiveCfg = Debug|Any CPU
		{B0DE24C7-A2E4-44FF-8A1E-705B7BB4B411}.Debug|Any CPU.Build.0 = Debug|Any CPU
		{B0DE24C7-A2E4-44FF-8A1E-705B7BB4B411}.Release|Any CPU.ActiveCfg = Release|Any CPU
		{B0DE24C7-A2E4-44FF-8A1E-705B7BB4B411}.Release|Any CPU.Build.0 = Release|Any CPU
		{FE76013E-DC4E-4513-8673-E431BDD8BEAE}.Debug|Any CPU.ActiveCfg = Debug|Any CPU
		{FE76013E-DC4E-4513-8673-E431BDD8BEAE}.Debug|Any CPU.Build.0 = Debug|Any CPU
		{FE76013E-DC4E-4513-8673-E431BDD8BEAE}.Release|Any CPU.ActiveCfg = Release|Any CPU
		{FE76013E-DC4E-4513-8673-E431BDD8BEAE}.Release|Any CPU.Build.0 = Release|Any CPU
		{09C64795-A7AC-42BD-8C7A-7AAF19ACF437}.Debug|Any CPU.ActiveCfg = Debug|Any CPU
		{09C64795-A7AC-42BD-8C7A-7AAF19ACF437}.Debug|Any CPU.Build.0 = Debug|Any CPU
		{09C64795-A7AC-42BD-8C7A-7AAF19ACF437}.Release|Any CPU.ActiveCfg = Release|Any CPU
		{09C64795-A7AC-42BD-8C7A-7AAF19ACF437}.Release|Any CPU.Build.0 = Release|Any CPU
		{AADC5221-D546-4C30-9AD7-1B3CD40B68C0}.Debug|Any CPU.ActiveCfg = Debug|Any CPU
		{AADC5221-D546-4C30-9AD7-1B3CD40B68C0}.Debug|Any CPU.Build.0 = Debug|Any CPU
		{AADC5221-D546-4C30-9AD7-1B3CD40B68C0}.Release|Any CPU.ActiveCfg = Release|Any CPU
		{AADC5221-D546-4C30-9AD7-1B3CD40B68C0}.Release|Any CPU.Build.0 = Release|Any CPU
		{7E0E6256-4908-4A75-AE34-562AAC7E050C}.Debug|Any CPU.ActiveCfg = Debug|Any CPU
		{7E0E6256-4908-4A75-AE34-562AAC7E050C}.Debug|Any CPU.Build.0 = Debug|Any CPU
		{7E0E6256-4908-4A75-AE34-562AAC7E050C}.Release|Any CPU.ActiveCfg = Release|Any CPU
		{7E0E6256-4908-4A75-AE34-562AAC7E050C}.Release|Any CPU.Build.0 = Release|Any CPU
		{810BEBCB-B6B8-4ACA-B7E1-DEA2E187FC53}.Debug|Any CPU.ActiveCfg = Debug|Any CPU
		{810BEBCB-B6B8-4ACA-B7E1-DEA2E187FC53}.Debug|Any CPU.Build.0 = Debug|Any CPU
		{810BEBCB-B6B8-4ACA-B7E1-DEA2E187FC53}.Release|Any CPU.ActiveCfg = Release|Any CPU
		{810BEBCB-B6B8-4ACA-B7E1-DEA2E187FC53}.Release|Any CPU.Build.0 = Release|Any CPU
	EndGlobalSection
	GlobalSection(SolutionProperties) = preSolution
		HideSolutionNode = FALSE
	EndGlobalSection
	GlobalSection(NestedProjects) = preSolution
		{3715EED9-0FFF-46B6-90FA-CA67F5A9D45A} = {4879A425-1B33-45E3-95EB-8A6292F3981A}
		{8BA6EC63-CDA5-4477-A3C0-3AC6D121F0F8} = {64B4DE4D-C0B2-460C-95E1-B0CDB0DB349C}
		{41B98992-4FE8-4644-B14F-FDF0C29C1D76} = {4879A425-1B33-45E3-95EB-8A6292F3981A}
		{B0DE24C7-A2E4-44FF-8A1E-705B7BB4B411} = {4879A425-1B33-45E3-95EB-8A6292F3981A}
		{09C64795-A7AC-42BD-8C7A-7AAF19ACF437} = {4879A425-1B33-45E3-95EB-8A6292F3981A}
		{AADC5221-D546-4C30-9AD7-1B3CD40B68C0} = {4879A425-1B33-45E3-95EB-8A6292F3981A}
		{7E0E6256-4908-4A75-AE34-562AAC7E050C} = {4879A425-1B33-45E3-95EB-8A6292F3981A}
		{810BEBCB-B6B8-4ACA-B7E1-DEA2E187FC53} = {4879A425-1B33-45E3-95EB-8A6292F3981A}
	EndGlobalSection
	GlobalSection(ExtensibilityGlobals) = postSolution
		SolutionGuid = {F14B7958-6535-4B7B-8869-06936D7DD339}
	EndGlobalSection
EndGlobal
